// !$*UTF8*$!
{
	archiveVersion = 1;
	classes = {
	};
	objectVersion = 50;
	objects = {

/* Begin PBXBuildFile section */
		2B116A6C217FB09E00B57A82 /* CryptoSwift.framework in Frameworks */ = {isa = PBXBuildFile; fileRef = 2B116A6B217FB09E00B57A82 /* CryptoSwift.framework */; };
		2B116A6D217FB09E00B57A82 /* CryptoSwift.framework in Embed Frameworks */ = {isa = PBXBuildFile; fileRef = 2B116A6B217FB09E00B57A82 /* CryptoSwift.framework */; settings = {ATTRIBUTES = (CodeSignOnCopy, RemoveHeadersOnCopy, ); }; };
		2BBE7D12217E4B3D00208F5B /* AppDelegate.swift in Sources */ = {isa = PBXBuildFile; fileRef = 2BBE7D11217E4B3D00208F5B /* AppDelegate.swift */; };
		2BBE7D14217E4B3D00208F5B /* ViewController.swift in Sources */ = {isa = PBXBuildFile; fileRef = 2BBE7D13217E4B3D00208F5B /* ViewController.swift */; };
		2BBE7D16217E4B3F00208F5B /* Assets.xcassets in Resources */ = {isa = PBXBuildFile; fileRef = 2BBE7D15217E4B3F00208F5B /* Assets.xcassets */; };
		2BBE7D19217E4B3F00208F5B /* Main.storyboard in Resources */ = {isa = PBXBuildFile; fileRef = 2BBE7D17217E4B3F00208F5B /* Main.storyboard */; };
		2BBE7D25217E4B3F00208F5B /* UrlReqTests.swift in Sources */ = {isa = PBXBuildFile; fileRef = 2BBE7D24217E4B3F00208F5B /* UrlReqTests.swift */; };
		2BBE7D30217E4B3F00208F5B /* UrlReqUITests.swift in Sources */ = {isa = PBXBuildFile; fileRef = 2BBE7D2F217E4B3F00208F5B /* UrlReqUITests.swift */; };
/* End PBXBuildFile section */

/* Begin PBXContainerItemProxy section */
		2BBE7D21217E4B3F00208F5B /* PBXContainerItemProxy */ = {
			isa = PBXContainerItemProxy;
			containerPortal = 2BBE7D06217E4B3D00208F5B /* Project object */;
			proxyType = 1;
			remoteGlobalIDString = 2BBE7D0D217E4B3D00208F5B;
			remoteInfo = UrlReq;
		};
		2BBE7D2C217E4B3F00208F5B /* PBXContainerItemProxy */ = {
			isa = PBXContainerItemProxy;
			containerPortal = 2BBE7D06217E4B3D00208F5B /* Project object */;
			proxyType = 1;
			remoteGlobalIDString = 2BBE7D0D217E4B3D00208F5B;
			remoteInfo = UrlReq;
		};
/* End PBXContainerItemProxy section */

/* Begin PBXCopyFilesBuildPhase section */
		2B3112CE217F099F00D600E4 /* Embed Frameworks */ = {
			isa = PBXCopyFilesBuildPhase;
			buildActionMask = 2147483647;
			dstPath = "";
			dstSubfolderSpec = 10;
			files = (
				2B116A6D217FB09E00B57A82 /* CryptoSwift.framework in Embed Frameworks */,
			);
			name = "Embed Frameworks";
			runOnlyForDeploymentPostprocessing = 0;
		};
/* End PBXCopyFilesBuildPhase section */

/* Begin PBXFileReference section */
		2B116A6B217FB09E00B57A82 /* CryptoSwift.framework */ = {isa = PBXFileReference; lastKnownFileType = wrapper.framework; name = CryptoSwift.framework; path = Carthage/Build/Mac/CryptoSwift.framework; sourceTree = "<group>"; };
		2BBE7D0E217E4B3D00208F5B /* UrlReq.app */ = {isa = PBXFileReference; explicitFileType = wrapper.application; includeInIndex = 0; path = UrlReq.app; sourceTree = BUILT_PRODUCTS_DIR; };
		2BBE7D11217E4B3D00208F5B /* AppDelegate.swift */ = {isa = PBXFileReference; lastKnownFileType = sourcecode.swift; path = AppDelegate.swift; sourceTree = "<group>"; };
		2BBE7D13217E4B3D00208F5B /* ViewController.swift */ = {isa = PBXFileReference; lastKnownFileType = sourcecode.swift; path = ViewController.swift; sourceTree = "<group>"; };
		2BBE7D15217E4B3F00208F5B /* Assets.xcassets */ = {isa = PBXFileReference; lastKnownFileType = folder.assetcatalog; path = Assets.xcassets; sourceTree = "<group>"; };
		2BBE7D18217E4B3F00208F5B /* Base */ = {isa = PBXFileReference; lastKnownFileType = file.storyboard; name = Base; path = Base.lproj/Main.storyboard; sourceTree = "<group>"; };
		2BBE7D1A217E4B3F00208F5B /* Info.plist */ = {isa = PBXFileReference; lastKnownFileType = text.plist.xml; path = Info.plist; sourceTree = "<group>"; };
		2BBE7D1B217E4B3F00208F5B /* UrlReq.entitlements */ = {isa = PBXFileReference; lastKnownFileType = text.plist.entitlements; path = UrlReq.entitlements; sourceTree = "<group>"; };
		2BBE7D20217E4B3F00208F5B /* UrlReqTests.xctest */ = {isa = PBXFileReference; explicitFileType = wrapper.cfbundle; includeInIndex = 0; path = UrlReqTests.xctest; sourceTree = BUILT_PRODUCTS_DIR; };
		2BBE7D24217E4B3F00208F5B /* UrlReqTests.swift */ = {isa = PBXFileReference; lastKnownFileType = sourcecode.swift; path = UrlReqTests.swift; sourceTree = "<group>"; };
		2BBE7D26217E4B3F00208F5B /* Info.plist */ = {isa = PBXFileReference; lastKnownFileType = text.plist.xml; path = Info.plist; sourceTree = "<group>"; };
		2BBE7D2B217E4B3F00208F5B /* UrlReqUITests.xctest */ = {isa = PBXFileReference; explicitFileType = wrapper.cfbundle; includeInIndex = 0; path = UrlReqUITests.xctest; sourceTree = BUILT_PRODUCTS_DIR; };
		2BBE7D2F217E4B3F00208F5B /* UrlReqUITests.swift */ = {isa = PBXFileReference; lastKnownFileType = sourcecode.swift; path = UrlReqUITests.swift; sourceTree = "<group>"; };
		2BBE7D31217E4B3F00208F5B /* Info.plist */ = {isa = PBXFileReference; lastKnownFileType = text.plist.xml; path = Info.plist; sourceTree = "<group>"; };
/* End PBXFileReference section */

/* Begin PBXFrameworksBuildPhase section */
		2BBE7D0B217E4B3D00208F5B /* Frameworks */ = {
			isa = PBXFrameworksBuildPhase;
			buildActionMask = 2147483647;
			files = (
				2B116A6C217FB09E00B57A82 /* CryptoSwift.framework in Frameworks */,
			);
			runOnlyForDeploymentPostprocessing = 0;
		};
		2BBE7D1D217E4B3F00208F5B /* Frameworks */ = {
			isa = PBXFrameworksBuildPhase;
			buildActionMask = 2147483647;
			files = (
			);
			runOnlyForDeploymentPostprocessing = 0;
		};
		2BBE7D28217E4B3F00208F5B /* Frameworks */ = {
			isa = PBXFrameworksBuildPhase;
			buildActionMask = 2147483647;
			files = (
			);
			runOnlyForDeploymentPostprocessing = 0;
		};
/* End PBXFrameworksBuildPhase section */

/* Begin PBXGroup section */
		2BBE7D05217E4B3D00208F5B = {
			isa = PBXGroup;
			children = (
				2B116A6B217FB09E00B57A82 /* CryptoSwift.framework */,
				2BBE7D10217E4B3D00208F5B /* UrlReq */,
				2BBE7D23217E4B3F00208F5B /* UrlReqTests */,
				2BBE7D2E217E4B3F00208F5B /* UrlReqUITests */,
				2BBE7D0F217E4B3D00208F5B /* Products */,
			);
			sourceTree = "<group>";
		};
		2BBE7D0F217E4B3D00208F5B /* Products */ = {
			isa = PBXGroup;
			children = (
				2BBE7D0E217E4B3D00208F5B /* UrlReq.app */,
				2BBE7D20217E4B3F00208F5B /* UrlReqTests.xctest */,
				2BBE7D2B217E4B3F00208F5B /* UrlReqUITests.xctest */,
			);
			name = Products;
			sourceTree = "<group>";
		};
		2BBE7D10217E4B3D00208F5B /* UrlReq */ = {
			isa = PBXGroup;
			children = (
				2BBE7D11217E4B3D00208F5B /* AppDelegate.swift */,
				2BBE7D13217E4B3D00208F5B /* ViewController.swift */,
				2BBE7D15217E4B3F00208F5B /* Assets.xcassets */,
				2BBE7D17217E4B3F00208F5B /* Main.storyboard */,
				2BBE7D1A217E4B3F00208F5B /* Info.plist */,
				2BBE7D1B217E4B3F00208F5B /* UrlReq.entitlements */,
			);
			path = UrlReq;
			sourceTree = "<group>";
		};
		2BBE7D23217E4B3F00208F5B /* UrlReqTests */ = {
			isa = PBXGroup;
			children = (
				2BBE7D24217E4B3F00208F5B /* UrlReqTests.swift */,
				2BBE7D26217E4B3F00208F5B /* Info.plist */,
			);
			path = UrlReqTests;
			sourceTree = "<group>";
		};
		2BBE7D2E217E4B3F00208F5B /* UrlReqUITests */ = {
			isa = PBXGroup;
			children = (
				2BBE7D2F217E4B3F00208F5B /* UrlReqUITests.swift */,
				2BBE7D31217E4B3F00208F5B /* Info.plist */,
			);
			path = UrlReqUITests;
			sourceTree = "<group>";
		};
/* End PBXGroup section */

/* Begin PBXNativeTarget section */
		2BBE7D0D217E4B3D00208F5B /* UrlReq */ = {
			isa = PBXNativeTarget;
			buildConfigurationList = 2BBE7D34217E4B3F00208F5B /* Build configuration list for PBXNativeTarget "UrlReq" */;
			buildPhases = (
				2BBE7D0A217E4B3D00208F5B /* Sources */,
				2BBE7D0B217E4B3D00208F5B /* Frameworks */,
				2BBE7D0C217E4B3D00208F5B /* Resources */,
				2B3112CE217F099F00D600E4 /* Embed Frameworks */,
			);
			buildRules = (
			);
			dependencies = (
			);
			name = UrlReq;
			productName = UrlReq;
			productReference = 2BBE7D0E217E4B3D00208F5B /* UrlReq.app */;
			productType = "com.apple.product-type.application";
		};
		2BBE7D1F217E4B3F00208F5B /* UrlReqTests */ = {
			isa = PBXNativeTarget;
			buildConfigurationList = 2BBE7D37217E4B3F00208F5B /* Build configuration list for PBXNativeTarget "UrlReqTests" */;
			buildPhases = (
				2BBE7D1C217E4B3F00208F5B /* Sources */,
				2BBE7D1D217E4B3F00208F5B /* Frameworks */,
				2BBE7D1E217E4B3F00208F5B /* Resources */,
			);
			buildRules = (
			);
			dependencies = (
				2BBE7D22217E4B3F00208F5B /* PBXTargetDependency */,
			);
			name = UrlReqTests;
			productName = UrlReqTests;
			productReference = 2BBE7D20217E4B3F00208F5B /* UrlReqTests.xctest */;
			productType = "com.apple.product-type.bundle.unit-test";
		};
		2BBE7D2A217E4B3F00208F5B /* UrlReqUITests */ = {
			isa = PBXNativeTarget;
			buildConfigurationList = 2BBE7D3A217E4B3F00208F5B /* Build configuration list for PBXNativeTarget "UrlReqUITests" */;
			buildPhases = (
				2BBE7D27217E4B3F00208F5B /* Sources */,
				2BBE7D28217E4B3F00208F5B /* Frameworks */,
				2BBE7D29217E4B3F00208F5B /* Resources */,
			);
			buildRules = (
			);
			dependencies = (
				2BBE7D2D217E4B3F00208F5B /* PBXTargetDependency */,
			);
			name = UrlReqUITests;
			productName = UrlReqUITests;
			productReference = 2BBE7D2B217E4B3F00208F5B /* UrlReqUITests.xctest */;
			productType = "com.apple.product-type.bundle.ui-testing";
		};
/* End PBXNativeTarget section */

/* Begin PBXProject section */
		2BBE7D06217E4B3D00208F5B /* Project object */ = {
			isa = PBXProject;
			attributes = {
				LastSwiftUpdateCheck = 1010;
				LastUpgradeCheck = 1010;
				ORGANIZATIONNAME = "Koray Birand";
				TargetAttributes = {
					2BBE7D0D217E4B3D00208F5B = {
						CreatedOnToolsVersion = 10.1;
						SystemCapabilities = {
							com.apple.Sandbox = {
								enabled = 0;
							};
						};
					};
					2BBE7D1F217E4B3F00208F5B = {
						CreatedOnToolsVersion = 10.1;
						TestTargetID = 2BBE7D0D217E4B3D00208F5B;
					};
					2BBE7D2A217E4B3F00208F5B = {
						CreatedOnToolsVersion = 10.1;
						TestTargetID = 2BBE7D0D217E4B3D00208F5B;
					};
				};
			};
			buildConfigurationList = 2BBE7D09217E4B3D00208F5B /* Build configuration list for PBXProject "UrlReq" */;
			compatibilityVersion = "Xcode 9.3";
			developmentRegion = en;
			hasScannedForEncodings = 0;
			knownRegions = (
				en,
				Base,
			);
			mainGroup = 2BBE7D05217E4B3D00208F5B;
			productRefGroup = 2BBE7D0F217E4B3D00208F5B /* Products */;
			projectDirPath = "";
			projectRoot = "";
			targets = (
				2BBE7D0D217E4B3D00208F5B /* UrlReq */,
				2BBE7D1F217E4B3F00208F5B /* UrlReqTests */,
				2BBE7D2A217E4B3F00208F5B /* UrlReqUITests */,
			);
		};
/* End PBXProject section */

/* Begin PBXResourcesBuildPhase section */
		2BBE7D0C217E4B3D00208F5B /* Resources */ = {
			isa = PBXResourcesBuildPhase;
			buildActionMask = 2147483647;
			files = (
				2BBE7D16217E4B3F00208F5B /* Assets.xcassets in Resources */,
				2BBE7D19217E4B3F00208F5B /* Main.storyboard in Resources */,
			);
			runOnlyForDeploymentPostprocessing = 0;
		};
		2BBE7D1E217E4B3F00208F5B /* Resources */ = {
			isa = PBXResourcesBuildPhase;
			buildActionMask = 2147483647;
			files = (
			);
			runOnlyForDeploymentPostprocessing = 0;
		};
		2BBE7D29217E4B3F00208F5B /* Resources */ = {
			isa = PBXResourcesBuildPhase;
			buildActionMask = 2147483647;
			files = (
			);
			runOnlyForDeploymentPostprocessing = 0;
		};
/* End PBXResourcesBuildPhase section */

/* Begin PBXSourcesBuildPhase section */
		2BBE7D0A217E4B3D00208F5B /* Sources */ = {
			isa = PBXSourcesBuildPhase;
			buildActionMask = 2147483647;
			files = (
				2BBE7D14217E4B3D00208F5B /* ViewController.swift in Sources */,
				2BBE7D12217E4B3D00208F5B /* AppDelegate.swift in Sources */,
			);
			runOnlyForDeploymentPostprocessing = 0;
		};
		2BBE7D1C217E4B3F00208F5B /* Sources */ = {
			isa = PBXSourcesBuildPhase;
			buildActionMask = 2147483647;
			files = (
				2BBE7D25217E4B3F00208F5B /* UrlReqTests.swift in Sources */,
			);
			runOnlyForDeploymentPostprocessing = 0;
		};
		2BBE7D27217E4B3F00208F5B /* Sources */ = {
			isa = PBXSourcesBuildPhase;
			buildActionMask = 2147483647;
			files = (
				2BBE7D30217E4B3F00208F5B /* UrlReqUITests.swift in Sources */,
			);
			runOnlyForDeploymentPostprocessing = 0;
		};
/* End PBXSourcesBuildPhase section */

/* Begin PBXTargetDependency section */
		2BBE7D22217E4B3F00208F5B /* PBXTargetDependency */ = {
			isa = PBXTargetDependency;
			target = 2BBE7D0D217E4B3D00208F5B /* UrlReq */;
			targetProxy = 2BBE7D21217E4B3F00208F5B /* PBXContainerItemProxy */;
		};
		2BBE7D2D217E4B3F00208F5B /* PBXTargetDependency */ = {
			isa = PBXTargetDependency;
			target = 2BBE7D0D217E4B3D00208F5B /* UrlReq */;
			targetProxy = 2BBE7D2C217E4B3F00208F5B /* PBXContainerItemProxy */;
		};
/* End PBXTargetDependency section */

/* Begin PBXVariantGroup section */
		2BBE7D17217E4B3F00208F5B /* Main.storyboard */ = {
			isa = PBXVariantGroup;
			children = (
				2BBE7D18217E4B3F00208F5B /* Base */,
			);
			name = Main.storyboard;
			sourceTree = "<group>";
		};
/* End PBXVariantGroup section */

/* Begin XCBuildConfiguration section */
		2BBE7D32217E4B3F00208F5B /* Debug */ = {
			isa = XCBuildConfiguration;
			buildSettings = {
				ALWAYS_SEARCH_USER_PATHS = NO;
				CLANG_ANALYZER_NONNULL = YES;
				CLANG_ANALYZER_NUMBER_OBJECT_CONVERSION = YES_AGGRESSIVE;
				CLANG_CXX_LANGUAGE_STANDARD = "gnu++14";
				CLANG_CXX_LIBRARY = "libc++";
				CLANG_ENABLE_MODULES = YES;
				CLANG_ENABLE_OBJC_ARC = YES;
				CLANG_ENABLE_OBJC_WEAK = YES;
				CLANG_WARN_BLOCK_CAPTURE_AUTORELEASING = YES;
				CLANG_WARN_BOOL_CONVERSION = YES;
				CLANG_WARN_COMMA = YES;
				CLANG_WARN_CONSTANT_CONVERSION = YES;
				CLANG_WARN_DEPRECATED_OBJC_IMPLEMENTATIONS = YES;
				CLANG_WARN_DIRECT_OBJC_ISA_USAGE = YES_ERROR;
				CLANG_WARN_DOCUMENTATION_COMMENTS = YES;
				CLANG_WARN_EMPTY_BODY = YES;
				CLANG_WARN_ENUM_CONVERSION = YES;
				CLANG_WARN_INFINITE_RECURSION = YES;
				CLANG_WARN_INT_CONVERSION = YES;
				CLANG_WARN_NON_LITERAL_NULL_CONVERSION = YES;
				CLANG_WARN_OBJC_IMPLICIT_RETAIN_SELF = YES;
				CLANG_WARN_OBJC_LITERAL_CONVERSION = YES;
				CLANG_WARN_OBJC_ROOT_CLASS = YES_ERROR;
				CLANG_WARN_RANGE_LOOP_ANALYSIS = YES;
				CLANG_WARN_STRICT_PROTOTYPES = YES;
				CLANG_WARN_SUSPICIOUS_MOVE = YES;
				CLANG_WARN_UNGUARDED_AVAILABILITY = YES_AGGRESSIVE;
				CLANG_WARN_UNREACHABLE_CODE = YES;
				CLANG_WARN__DUPLICATE_METHOD_MATCH = YES;
				CODE_SIGN_IDENTITY = "Mac Developer";
				COPY_PHASE_STRIP = NO;
				DEBUG_INFORMATION_FORMAT = dwarf;
				ENABLE_STRICT_OBJC_MSGSEND = YES;
				ENABLE_TESTABILITY = YES;
				GCC_C_LANGUAGE_STANDARD = gnu11;
				GCC_DYNAMIC_NO_PIC = NO;
				GCC_NO_COMMON_BLOCKS = YES;
				GCC_OPTIMIZATION_LEVEL = 0;
				GCC_PREPROCESSOR_DEFINITIONS = (
					"DEBUG=1",
					"$(inherited)",
				);
				GCC_WARN_64_TO_32_BIT_CONVERSION = YES;
				GCC_WARN_ABOUT_RETURN_TYPE = YES_ERROR;
				GCC_WARN_UNDECLARED_SELECTOR = YES;
				GCC_WARN_UNINITIALIZED_AUTOS = YES_AGGRESSIVE;
				GCC_WARN_UNUSED_FUNCTION = YES;
				GCC_WARN_UNUSED_VARIABLE = YES;
				MACOSX_DEPLOYMENT_TARGET = 10.13;
				MTL_ENABLE_DEBUG_INFO = INCLUDE_SOURCE;
				MTL_FAST_MATH = YES;
				ONLY_ACTIVE_ARCH = YES;
				SDKROOT = macosx;
				SWIFT_ACTIVE_COMPILATION_CONDITIONS = DEBUG;
				SWIFT_OPTIMIZATION_LEVEL = "-Onone";
			};
			name = Debug;
		};
		2BBE7D33217E4B3F00208F5B /* Release */ = {
			isa = XCBuildConfiguration;
			buildSettings = {
				ALWAYS_SEARCH_USER_PATHS = NO;
				CLANG_ANALYZER_NONNULL = YES;
				CLANG_ANALYZER_NUMBER_OBJECT_CONVERSION = YES_AGGRESSIVE;
				CLANG_CXX_LANGUAGE_STANDARD = "gnu++14";
				CLANG_CXX_LIBRARY = "libc++";
				CLANG_ENABLE_MODULES = YES;
				CLANG_ENABLE_OBJC_ARC = YES;
				CLANG_ENABLE_OBJC_WEAK = YES;
				CLANG_WARN_BLOCK_CAPTURE_AUTORELEASING = YES;
				CLANG_WARN_BOOL_CONVERSION = YES;
				CLANG_WARN_COMMA = YES;
				CLANG_WARN_CONSTANT_CONVERSION = YES;
				CLANG_WARN_DEPRECATED_OBJC_IMPLEMENTATIONS = YES;
				CLANG_WARN_DIRECT_OBJC_ISA_USAGE = YES_ERROR;
				CLANG_WARN_DOCUMENTATION_COMMENTS = YES;
				CLANG_WARN_EMPTY_BODY = YES;
				CLANG_WARN_ENUM_CONVERSION = YES;
				CLANG_WARN_INFINITE_RECURSION = YES;
				CLANG_WARN_INT_CONVERSION = YES;
				CLANG_WARN_NON_LITERAL_NULL_CONVERSION = YES;
				CLANG_WARN_OBJC_IMPLICIT_RETAIN_SELF = YES;
				CLANG_WARN_OBJC_LITERAL_CONVERSION = YES;
				CLANG_WARN_OBJC_ROOT_CLASS = YES_ERROR;
				CLANG_WARN_RANGE_LOOP_ANALYSIS = YES;
				CLANG_WARN_STRICT_PROTOTYPES = YES;
				CLANG_WARN_SUSPICIOUS_MOVE = YES;
				CLANG_WARN_UNGUARDED_AVAILABILITY = YES_AGGRESSIVE;
				CLANG_WARN_UNREACHABLE_CODE = YES;
				CLANG_WARN__DUPLICATE_METHOD_MATCH = YES;
				CODE_SIGN_IDENTITY = "Mac Developer";
				COPY_PHASE_STRIP = NO;
				DEBUG_INFORMATION_FORMAT = "dwarf-with-dsym";
				ENABLE_NS_ASSERTIONS = NO;
				ENABLE_STRICT_OBJC_MSGSEND = YES;
				GCC_C_LANGUAGE_STANDARD = gnu11;
				GCC_NO_COMMON_BLOCKS = YES;
				GCC_WARN_64_TO_32_BIT_CONVERSION = YES;
				GCC_WARN_ABOUT_RETURN_TYPE = YES_ERROR;
				GCC_WARN_UNDECLARED_SELECTOR = YES;
				GCC_WARN_UNINITIALIZED_AUTOS = YES_AGGRESSIVE;
				GCC_WARN_UNUSED_FUNCTION = YES;
				GCC_WARN_UNUSED_VARIABLE = YES;
				MACOSX_DEPLOYMENT_TARGET = 10.13;
				MTL_ENABLE_DEBUG_INFO = NO;
				MTL_FAST_MATH = YES;
				SDKROOT = macosx;
				SWIFT_COMPILATION_MODE = wholemodule;
				SWIFT_OPTIMIZATION_LEVEL = "-O";
			};
			name = Release;
		};
		2BBE7D35217E4B3F00208F5B /* Debug */ = {
			isa = XCBuildConfiguration;
			buildSettings = {
				ASSETCATALOG_COMPILER_APPICON_NAME = AppIcon;
				CODE_SIGN_STYLE = Automatic;
				COMBINE_HIDPI_IMAGES = YES;
				DEVELOPMENT_TEAM = XQ284ZEU8W;
				FRAMEWORK_SEARCH_PATHS = (
					"$(inherited)",
					"$(PROJECT_DIR)/Carthage/Build/Mac",
				);
				INFOPLIST_FILE = UrlReq/Info.plist;
				LD_RUNPATH_SEARCH_PATHS = (
					"$(inherited)",
					"@executable_path/../Frameworks",
				);
				PRODUCT_BUNDLE_IDENTIFIER = com.koraybirand.UrlReq;
				PRODUCT_NAME = "$(TARGET_NAME)";
				SWIFT_VERSION = 4.2;
			};
			name = Debug;
		};
		2BBE7D36217E4B3F00208F5B /* Release */ = {
			isa = XCBuildConfiguration;
			buildSettings = {
				ASSETCATALOG_COMPILER_APPICON_NAME = AppIcon;
				CODE_SIGN_STYLE = Automatic;
				COMBINE_HIDPI_IMAGES = YES;
				DEVELOPMENT_TEAM = XQ284ZEU8W;
				FRAMEWORK_SEARCH_PATHS = (
					"$(inherited)",
					"$(PROJECT_DIR)/Carthage/Build/Mac",
				);
				INFOPLIST_FILE = UrlReq/Info.plist;
				LD_RUNPATH_SEARCH_PATHS = (
					"$(inherited)",
					"@executable_path/../Frameworks",
				);
				PRODUCT_BUNDLE_IDENTIFIER = com.koraybirand.UrlReq;
				PRODUCT_NAME = "$(TARGET_NAME)";
				SWIFT_VERSION = 4.2;
			};
			name = Release;
		};
		2BBE7D38217E4B3F00208F5B /* Debug */ = {
			isa = XCBuildConfiguration;
			buildSettings = {
				ALWAYS_EMBED_SWIFT_STANDARD_LIBRARIES = YES;
				BUNDLE_LOADER = "$(TEST_HOST)";
				CODE_SIGN_STYLE = Automatic;
				COMBINE_HIDPI_IMAGES = YES;
				DEVELOPMENT_TEAM = XQ284ZEU8W;
				INFOPLIST_FILE = UrlReqTests/Info.plist;
				LD_RUNPATH_SEARCH_PATHS = (
					"$(inherited)",
					"@executable_path/../Frameworks",
					"@loader_path/../Frameworks",
				);
				PRODUCT_BUNDLE_IDENTIFIER = com.koraybirand.UrlReqTests;
				PRODUCT_NAME = "$(TARGET_NAME)";
				SWIFT_VERSION = 4.2;
				TEST_HOST = "$(BUILT_PRODUCTS_DIR)/UrlReq.app/Contents/MacOS/UrlReq";
			};
			name = Debug;
		};
		2BBE7D39217E4B3F00208F5B /* Release */ = {
			isa = XCBuildConfiguration;
			buildSettings = {
				ALWAYS_EMBED_SWIFT_STANDARD_LIBRARIES = YES;
				BUNDLE_LOADER = "$(TEST_HOST)";
				CODE_SIGN_STYLE = Automatic;
				COMBINE_HIDPI_IMAGES = YES;
				DEVELOPMENT_TEAM = XQ284ZEU8W;
				INFOPLIST_FILE = UrlReqTests/Info.plist;
				LD_RUNPATH_SEARCH_PATHS = (
					"$(inherited)",
					"@executable_path/../Frameworks",
					"@loader_path/../Frameworks",
				);
				PRODUCT_BUNDLE_IDENTIFIER = com.koraybirand.UrlReqTests;
				PRODUCT_NAME = "$(TARGET_NAME)";
				SWIFT_VERSION = 4.2;
				TEST_HOST = "$(BUILT_PRODUCTS_DIR)/UrlReq.app/Contents/MacOS/UrlReq";
			};
			name = Release;
		};
		2BBE7D3B217E4B3F00208F5B /* Debug */ = {
			isa = XCBuildConfiguration;
			buildSettings = {
				ALWAYS_EMBED_SWIFT_STANDARD_LIBRARIES = YES;
				CODE_SIGN_STYLE = Automatic;
				COMBINE_HIDPI_IMAGES = YES;
				DEVELOPMENT_TEAM = XQ284ZEU8W;
				INFOPLIST_FILE = UrlReqUITests/Info.plist;
				LD_RUNPATH_SEARCH_PATHS = (
					"$(inherited)",
					"@executable_path/../Frameworks",
					"@loader_path/../Frameworks",
				);
				PRODUCT_BUNDLE_IDENTIFIER = com.koraybirand.UrlReqUITests;
				PRODUCT_NAME = "$(TARGET_NAME)";
				SWIFT_VERSION = 4.2;
				TEST_TARGET_NAME = UrlReq;
			};
			name = Debug;
		};
		2BBE7D3C217E4B3F00208F5B /* Release */ = {
			isa = XCBuildConfiguration;
			buildSettings = {
				ALWAYS_EMBED_SWIFT_STANDARD_LIBRARIES = YES;
				CODE_SIGN_STYLE = Automatic;
				COMBINE_HIDPI_IMAGES = YES;
				DEVELOPMENT_TEAM = XQ284ZEU8W;
				INFOPLIST_FILE = UrlReqUITests/Info.plist;
				LD_RUNPATH_SEARCH_PATHS = (
					"$(inherited)",
					"@executable_path/../Frameworks",
					"@loader_path/../Frameworks",
				);
				PRODUCT_BUNDLE_IDENTIFIER = com.koraybirand.UrlReqUITests;
				PRODUCT_NAME = "$(TARGET_NAME)";
				SWIFT_VERSION = 4.2;
				TEST_TARGET_NAME = UrlReq;
			};
			name = Release;
		};
/* End XCBuildConfiguration section */

/* Begin XCConfigurationList section */
		2BBE7D09217E4B3D00208F5B /* Build configuration list for PBXProject "UrlReq" */ = {
			isa = XCConfigurationList;
			buildConfigurations = (
				2BBE7D32217E4B3F00208F5B /* Debug */,
				2BBE7D33217E4B3F00208F5B /* Release */,
			);
			defaultConfigurationIsVisible = 0;
			defaultConfigurationName = Release;
		};
		2BBE7D34217E4B3F00208F5B /* Build configuration list for PBXNativeTarget "UrlReq" */ = {
			isa = XCConfigurationList;
			buildConfigurations = (
				2BBE7D35217E4B3F00208F5B /* Debug */,
				2BBE7D36217E4B3F00208F5B /* Release */,
			);
			defaultConfigurationIsVisible = 0;
			defaultConfigurationName = Release;
		};
		2BBE7D37217E4B3F00208F5B /* Build configuration list for PBXNativeTarget "UrlReqTests" */ = {
			isa = XCConfigurationList;
			buildConfigurations = (
				2BBE7D38217E4B3F00208F5B /* Debug */,
				2BBE7D39217E4B3F00208F5B /* Release */,
			);
			defaultConfigurationIsVisible = 0;
			defaultConfigurationName = Release;
		};
		2BBE7D3A217E4B3F00208F5B /* Build configuration list for PBXNativeTarget "UrlReqUITests" */ = {
			isa = XCConfigurationList;
			buildConfigurations = (
				2BBE7D3B217E4B3F00208F5B /* Debug */,
				2BBE7D3C217E4B3F00208F5B /* Release */,
			);
			defaultConfigurationIsVisible = 0;
			defaultConfigurationName = Release;
		};
/* End XCConfigurationList section */
	};
	rootObject = 2BBE7D06217E4B3D00208F5B /* Project object */;
}
